
Microsoft Visual Studio Solution File, Format Version 12.00
# Visual Studio Version 17
VisualStudioVersion = 17.5.33516.290
MinimumVisualStudioVersion = 10.0.40219.1
Project("{8BC9CEB8-8B4A-11D0-8D11-00A0C91BC942}") = "PluginBuilder", "PluginBuilder\PluginBuilder.vcxproj", "{111E4883-1475-41BF-A95F-ADAF5B7BB365}"
EndProject
Global
	GlobalSection(SolutionConfigurationPlatforms) = preSolution
		Debug|x64 = Debug|x64
		Debug|x86 = Debug|x86
		Release|x64 = Release|x64
		Release|x86 = Release|x86
	EndGlobalSection
	GlobalSection(ProjectConfigurationPlatforms) = postSolution
		{111E4883-1475-41BF-A95F-ADAF5B7BB365}.Debug|x64.ActiveCfg = Debug|x64
		{111E4883-1475-41BF-A95F-ADAF5B7BB365}.Debug|x64.Build.0 = Debug|x64
		{111E4883-1475-41BF-A95F-ADAF5B7BB365}.Debug|x86.ActiveCfg = Debug|Win32
		{111E4883-1475-41BF-A95F-ADAF5B7BB365}.Debug|x86.Build.0 = Debug|Win32
		{111E4883-1475-41BF-A95F-ADAF5B7BB365}.Release|x64.ActiveCfg = Release|x64
		{111E4883-1475-41BF-A95F-ADAF5B7BB365}.Release|x64.Build.0 = Release|x64
		{111E4883-1475-41BF-A95F-ADAF5B7BB365}.Release|x86.ActiveCfg = Release|Win32
		{111E4883-1475-41BF-A95F-ADAF5B7BB365}.Release|x86.Build.0 = Release|Win32
	EndGlobalSection
	GlobalSection(SolutionProperties) = preSolution
		HideSolutionNode = FALSE
	EndGlobalSection
	GlobalSection(ExtensibilityGlobals) = postSolution
		SolutionGuid = {68AB0E60-A382-4293-AF06-16B0D75A908B}
	EndGlobalSection
EndGlobal
